// !$*UTF8*$!
{
	archiveVersion = 1;
	classes = {
	};
	objectVersion = 56;
	objects = {

/* Begin PBXBuildFile section */
		81003E5E29C208CF0094F4B1 /* Api.swift in Sources */ = {isa = PBXBuildFile; fileRef = 81003E5D29C208CF0094F4B1 /* Api.swift */; };
		812DDA8229D787A70079B1E0 /* TestImage.swift in Sources */ = {isa = PBXBuildFile; fileRef = 812DDA8129D787A70079B1E0 /* TestImage.swift */; };
		812DDA8529D794FA0079B1E0 /* Alamofire in Frameworks */ = {isa = PBXBuildFile; productRef = 812DDA8429D794FA0079B1E0 /* Alamofire */; };
		813F150F29B7DCC1008EA28A /* SignIn.swift in Sources */ = {isa = PBXBuildFile; fileRef = 813F150E29B7DCC1008EA28A /* SignIn.swift */; };
		813F151329B7EA5A008EA28A /* ImInUI.swift in Sources */ = {isa = PBXBuildFile; fileRef = 813F151229B7EA5A008EA28A /* ImInUI.swift */; };
		813F151529B7EAE3008EA28A /* TabBarView.swift in Sources */ = {isa = PBXBuildFile; fileRef = 813F151429B7EAE3008EA28A /* TabBarView.swift */; };
		8159224929DAC25F00E589D1 /* Product.swift in Sources */ = {isa = PBXBuildFile; fileRef = 8159224829DAC25F00E589D1 /* Product.swift */; };
		818FA84829BA867100A6211C /* ContentViewModel.swift in Sources */ = {isa = PBXBuildFile; fileRef = 818FA84729BA867100A6211C /* ContentViewModel.swift */; };
		81928B2829AD660800CBB641 /* AppDelegate.swift in Sources */ = {isa = PBXBuildFile; fileRef = 81928B2729AD660800CBB641 /* AppDelegate.swift */; };
		81928B2A29AD660800CBB641 /* SceneDelegate.swift in Sources */ = {isa = PBXBuildFile; fileRef = 81928B2929AD660800CBB641 /* SceneDelegate.swift */; };
		81928B2C29AD660800CBB641 /* ViewController.swift in Sources */ = {isa = PBXBuildFile; fileRef = 81928B2B29AD660800CBB641 /* ViewController.swift */; };
		81928B2F29AD660800CBB641 /* Main.storyboard in Resources */ = {isa = PBXBuildFile; fileRef = 81928B2D29AD660800CBB641 /* Main.storyboard */; };
		81928B3229AD660800CBB641 /* WEB.xcdatamodeld in Sources */ = {isa = PBXBuildFile; fileRef = 81928B3029AD660800CBB641 /* WEB.xcdatamodeld */; };
		81928B3429AD660900CBB641 /* Assets.xcassets in Resources */ = {isa = PBXBuildFile; fileRef = 81928B3329AD660900CBB641 /* Assets.xcassets */; };
		81928B3729AD660900CBB641 /* LaunchScreen.storyboard in Resources */ = {isa = PBXBuildFile; fileRef = 81928B3529AD660900CBB641 /* LaunchScreen.storyboard */; };
		81A4B56029DB4A22002ABCF3 /* TovarDetailView.swift in Sources */ = {isa = PBXBuildFile; fileRef = 81A4B55F29DB4A22002ABCF3 /* TovarDetailView.swift */; };
		81C636AC29B8CC550041790F /* Home.swift in Sources */ = {isa = PBXBuildFile; fileRef = 81C636AB29B8CC550041790F /* Home.swift */; };
		81C636AE29B8CC5F0041790F /* Catalog.swift in Sources */ = {isa = PBXBuildFile; fileRef = 81C636AD29B8CC5F0041790F /* Catalog.swift */; };
		81C636B029B8CC6C0041790F /* Like.swift in Sources */ = {isa = PBXBuildFile; fileRef = 81C636AF29B8CC6C0041790F /* Like.swift */; };
		81C636B229B8CC780041790F /* Cart.swift in Sources */ = {isa = PBXBuildFile; fileRef = 81C636B129B8CC780041790F /* Cart.swift */; };
		81C636B429B8CC810041790F /* Profile.swift in Sources */ = {isa = PBXBuildFile; fileRef = 81C636B329B8CC810041790F /* Profile.swift */; };
		81F0591929DC5E250046EE0A /* AddProduct.swift in Sources */ = {isa = PBXBuildFile; fileRef = 81F0591829DC5E250046EE0A /* AddProduct.swift */; };
		81F5B09729B3AC03005D7176 /* Login.swift in Sources */ = {isa = PBXBuildFile; fileRef = 81F5B09629B3AC03005D7176 /* Login.swift */; };
/* End PBXBuildFile section */

/* Begin PBXFileReference section */
		81003E5D29C208CF0094F4B1 /* Api.swift */ = {isa = PBXFileReference; lastKnownFileType = sourcecode.swift; path = Api.swift; sourceTree = "<group>"; };
		812DDA8129D787A70079B1E0 /* TestImage.swift */ = {isa = PBXFileReference; lastKnownFileType = sourcecode.swift; path = TestImage.swift; sourceTree = "<group>"; };
		813F150E29B7DCC1008EA28A /* SignIn.swift */ = {isa = PBXFileReference; lastKnownFileType = sourcecode.swift; path = SignIn.swift; sourceTree = "<group>"; };
		813F151229B7EA5A008EA28A /* ImInUI.swift */ = {isa = PBXFileReference; lastKnownFileType = sourcecode.swift; path = ImInUI.swift; sourceTree = "<group>"; };
		813F151429B7EAE3008EA28A /* TabBarView.swift */ = {isa = PBXFileReference; lastKnownFileType = sourcecode.swift; path = TabBarView.swift; sourceTree = "<group>"; };
		8159224829DAC25F00E589D1 /* Product.swift */ = {isa = PBXFileReference; lastKnownFileType = sourcecode.swift; path = Product.swift; sourceTree = "<group>"; };
		818FA84729BA867100A6211C /* ContentViewModel.swift */ = {isa = PBXFileReference; fileEncoding = 4; lastKnownFileType = sourcecode.swift; path = ContentViewModel.swift; sourceTree = "<group>"; };
		81928B2429AD660800CBB641 /* WEB.app */ = {isa = PBXFileReference; explicitFileType = wrapper.application; includeInIndex = 0; path = WEB.app; sourceTree = BUILT_PRODUCTS_DIR; };
		81928B2729AD660800CBB641 /* AppDelegate.swift */ = {isa = PBXFileReference; lastKnownFileType = sourcecode.swift; path = AppDelegate.swift; sourceTree = "<group>"; };
		81928B2929AD660800CBB641 /* SceneDelegate.swift */ = {isa = PBXFileReference; lastKnownFileType = sourcecode.swift; path = SceneDelegate.swift; sourceTree = "<group>"; };
		81928B2B29AD660800CBB641 /* ViewController.swift */ = {isa = PBXFileReference; lastKnownFileType = sourcecode.swift; path = ViewController.swift; sourceTree = "<group>"; };
		81928B2E29AD660800CBB641 /* Base */ = {isa = PBXFileReference; lastKnownFileType = file.storyboard; name = Base; path = Base.lproj/Main.storyboard; sourceTree = "<group>"; };
		81928B3129AD660800CBB641 /* WEB.xcdatamodel */ = {isa = PBXFileReference; lastKnownFileType = wrapper.xcdatamodel; path = WEB.xcdatamodel; sourceTree = "<group>"; };
		81928B3329AD660900CBB641 /* Assets.xcassets */ = {isa = PBXFileReference; lastKnownFileType = folder.assetcatalog; path = Assets.xcassets; sourceTree = "<group>"; };
		81928B3629AD660900CBB641 /* Base */ = {isa = PBXFileReference; lastKnownFileType = file.storyboard; name = Base; path = Base.lproj/LaunchScreen.storyboard; sourceTree = "<group>"; };
		81928B3829AD660900CBB641 /* Info.plist */ = {isa = PBXFileReference; lastKnownFileType = text.plist.xml; path = Info.plist; sourceTree = "<group>"; };
		81A4B55F29DB4A22002ABCF3 /* TovarDetailView.swift */ = {isa = PBXFileReference; lastKnownFileType = sourcecode.swift; path = TovarDetailView.swift; sourceTree = "<group>"; };
		81C636AB29B8CC550041790F /* Home.swift */ = {isa = PBXFileReference; lastKnownFileType = sourcecode.swift; path = Home.swift; sourceTree = "<group>"; };
		81C636AD29B8CC5F0041790F /* Catalog.swift */ = {isa = PBXFileReference; lastKnownFileType = sourcecode.swift; path = Catalog.swift; sourceTree = "<group>"; };
		81C636AF29B8CC6C0041790F /* Like.swift */ = {isa = PBXFileReference; lastKnownFileType = sourcecode.swift; path = Like.swift; sourceTree = "<group>"; };
		81C636B129B8CC780041790F /* Cart.swift */ = {isa = PBXFileReference; lastKnownFileType = sourcecode.swift; path = Cart.swift; sourceTree = "<group>"; };
		81C636B329B8CC810041790F /* Profile.swift */ = {isa = PBXFileReference; lastKnownFileType = sourcecode.swift; path = Profile.swift; sourceTree = "<group>"; };
		81F0591829DC5E250046EE0A /* AddProduct.swift */ = {isa = PBXFileReference; lastKnownFileType = sourcecode.swift; path = AddProduct.swift; sourceTree = "<group>"; };
		81F5B09629B3AC03005D7176 /* Login.swift */ = {isa = PBXFileReference; lastKnownFileType = sourcecode.swift; path = Login.swift; sourceTree = "<group>"; };
/* End PBXFileReference section */

/* Begin PBXFrameworksBuildPhase section */
		81928B2129AD660800CBB641 /* Frameworks */ = {
			isa = PBXFrameworksBuildPhase;
			buildActionMask = 2147483647;
			files = (
				812DDA8529D794FA0079B1E0 /* Alamofire in Frameworks */,
			);
			runOnlyForDeploymentPostprocessing = 0;
		};
/* End PBXFrameworksBuildPhase section */

/* Begin PBXGroup section */
		818FA84A29BA869D00A6211C /* ApiCall */ = {
			isa = PBXGroup;
			children = (
				818FA84729BA867100A6211C /* ContentViewModel.swift */,
				81003E5D29C208CF0094F4B1 /* Api.swift */,
			);
			path = ApiCall;
			sourceTree = "<group>";
		};
		81928B1B29AD660800CBB641 = {
			isa = PBXGroup;
			children = (
				81928B2629AD660800CBB641 /* WEB */,
				81928B2529AD660800CBB641 /* Products */,
			);
			sourceTree = "<group>";
		};
		81928B2529AD660800CBB641 /* Products */ = {
			isa = PBXGroup;
			children = (
				81928B2429AD660800CBB641 /* WEB.app */,
			);
			name = Products;
			sourceTree = "<group>";
		};
		81928B2629AD660800CBB641 /* WEB */ = {
			isa = PBXGroup;
			children = (
				818FA84A29BA869D00A6211C /* ApiCall */,
				81928B2729AD660800CBB641 /* AppDelegate.swift */,
				81928B2929AD660800CBB641 /* SceneDelegate.swift */,
				81928B2B29AD660800CBB641 /* ViewController.swift */,
				81928B2D29AD660800CBB641 /* Main.storyboard */,
				81928B3329AD660900CBB641 /* Assets.xcassets */,
				81928B3529AD660900CBB641 /* LaunchScreen.storyboard */,
				81928B3829AD660900CBB641 /* Info.plist */,
				81928B3029AD660800CBB641 /* WEB.xcdatamodeld */,
				81F5B09629B3AC03005D7176 /* Login.swift */,
				813F150E29B7DCC1008EA28A /* SignIn.swift */,
				813F151229B7EA5A008EA28A /* ImInUI.swift */,
				813F151429B7EAE3008EA28A /* TabBarView.swift */,
				81C636AB29B8CC550041790F /* Home.swift */,
				81C636AD29B8CC5F0041790F /* Catalog.swift */,
				81C636AF29B8CC6C0041790F /* Like.swift */,
				81C636B129B8CC780041790F /* Cart.swift */,
				81C636B329B8CC810041790F /* Profile.swift */,
				812DDA8129D787A70079B1E0 /* TestImage.swift */,
				8159224829DAC25F00E589D1 /* Product.swift */,
				81A4B55F29DB4A22002ABCF3 /* TovarDetailView.swift */,
				81F0591829DC5E250046EE0A /* AddProduct.swift */,
			);
			path = WEB;
			sourceTree = "<group>";
		};
/* End PBXGroup section */

/* Begin PBXNativeTarget section */
		81928B2329AD660800CBB641 /* WEB */ = {
			isa = PBXNativeTarget;
			buildConfigurationList = 81928B3B29AD660900CBB641 /* Build configuration list for PBXNativeTarget "WEB" */;
			buildPhases = (
				81928B2029AD660800CBB641 /* Sources */,
				81928B2129AD660800CBB641 /* Frameworks */,
				81928B2229AD660800CBB641 /* Resources */,
			);
			buildRules = (
			);
			dependencies = (
			);
			name = WEB;
			packageProductDependencies = (
				812DDA8429D794FA0079B1E0 /* Alamofire */,
			);
			productName = WEB;
			productReference = 81928B2429AD660800CBB641 /* WEB.app */;
			productType = "com.apple.product-type.application";
		};
/* End PBXNativeTarget section */

/* Begin PBXProject section */
		81928B1C29AD660800CBB641 /* Project object */ = {
			isa = PBXProject;
			attributes = {
				BuildIndependentTargetsInParallel = 1;
				LastSwiftUpdateCheck = 1410;
				LastUpgradeCheck = 1410;
				TargetAttributes = {
					81928B2329AD660800CBB641 = {
						CreatedOnToolsVersion = 14.1;
					};
				};
			};
			buildConfigurationList = 81928B1F29AD660800CBB641 /* Build configuration list for PBXProject "WEB" */;
			compatibilityVersion = "Xcode 14.0";
			developmentRegion = en;
			hasScannedForEncodings = 0;
			knownRegions = (
				en,
				Base,
			);
			mainGroup = 81928B1B29AD660800CBB641;
			packageReferences = (
				812DDA8329D794FA0079B1E0 /* XCRemoteSwiftPackageReference "Alamofire" */,
			);
			productRefGroup = 81928B2529AD660800CBB641 /* Products */;
			projectDirPath = "";
			projectRoot = "";
			targets = (
				81928B2329AD660800CBB641 /* WEB */,
			);
		};
/* End PBXProject section */

/* Begin PBXResourcesBuildPhase section */
		81928B2229AD660800CBB641 /* Resources */ = {
			isa = PBXResourcesBuildPhase;
			buildActionMask = 2147483647;
			files = (
				81928B3729AD660900CBB641 /* LaunchScreen.storyboard in Resources */,
				81928B3429AD660900CBB641 /* Assets.xcassets in Resources */,
				81928B2F29AD660800CBB641 /* Main.storyboard in Resources */,
			);
			runOnlyForDeploymentPostprocessing = 0;
		};
/* End PBXResourcesBuildPhase section */

/* Begin PBXSourcesBuildPhase section */
		81928B2029AD660800CBB641 /* Sources */ = {
			isa = PBXSourcesBuildPhase;
			buildActionMask = 2147483647;
			files = (
				81928B2C29AD660800CBB641 /* ViewController.swift in Sources */,
				813F150F29B7DCC1008EA28A /* SignIn.swift in Sources */,
				813F151529B7EAE3008EA28A /* TabBarView.swift in Sources */,
				81003E5E29C208CF0094F4B1 /* Api.swift in Sources */,
				81A4B56029DB4A22002ABCF3 /* TovarDetailView.swift in Sources */,
				81C636B429B8CC810041790F /* Profile.swift in Sources */,
				8159224929DAC25F00E589D1 /* Product.swift in Sources */,
				81C636B229B8CC780041790F /* Cart.swift in Sources */,
				813F151329B7EA5A008EA28A /* ImInUI.swift in Sources */,
				81C636AC29B8CC550041790F /* Home.swift in Sources */,
				81928B2829AD660800CBB641 /* AppDelegate.swift in Sources */,
				81928B3229AD660800CBB641 /* WEB.xcdatamodeld in Sources */,
				81C636AE29B8CC5F0041790F /* Catalog.swift in Sources */,
				818FA84829BA867100A6211C /* ContentViewModel.swift in Sources */,
				81F0591929DC5E250046EE0A /* AddProduct.swift in Sources */,
				81C636B029B8CC6C0041790F /* Like.swift in Sources */,
				812DDA8229D787A70079B1E0 /* TestImage.swift in Sources */,
				81928B2A29AD660800CBB641 /* SceneDelegate.swift in Sources */,
				81F5B09729B3AC03005D7176 /* Login.swift in Sources */,
			);
			runOnlyForDeploymentPostprocessing = 0;
		};
/* End PBXSourcesBuildPhase section */

/* Begin PBXVariantGroup section */
		81928B2D29AD660800CBB641 /* Main.storyboard */ = {
			isa = PBXVariantGroup;
			children = (
				81928B2E29AD660800CBB641 /* Base */,
			);
			name = Main.storyboard;
			sourceTree = "<group>";
		};
		81928B3529AD660900CBB641 /* LaunchScreen.storyboard */ = {
			isa = PBXVariantGroup;
			children = (
				81928B3629AD660900CBB641 /* Base */,
			);
			name = LaunchScreen.storyboard;
			sourceTree = "<group>";
		};
/* End PBXVariantGroup section */

/* Begin XCBuildConfiguration section */
		81928B3929AD660900CBB641 /* Debug */ = {
			isa = XCBuildConfiguration;
			buildSettings = {
				ALWAYS_SEARCH_USER_PATHS = NO;
				CLANG_ANALYZER_NONNULL = YES;
				CLANG_ANALYZER_NUMBER_OBJECT_CONVERSION = YES_AGGRESSIVE;
				CLANG_CXX_LANGUAGE_STANDARD = "gnu++20";
				CLANG_ENABLE_MODULES = YES;
				CLANG_ENABLE_OBJC_ARC = YES;
				CLANG_ENABLE_OBJC_WEAK = YES;
				CLANG_WARN_BLOCK_CAPTURE_AUTORELEASING = YES;
				CLANG_WARN_BOOL_CONVERSION = YES;
				CLANG_WARN_COMMA = YES;
				CLANG_WARN_CONSTANT_CONVERSION = YES;
				CLANG_WARN_DEPRECATED_OBJC_IMPLEMENTATIONS = YES;
				CLANG_WARN_DIRECT_OBJC_ISA_USAGE = YES_ERROR;
				CLANG_WARN_DOCUMENTATION_COMMENTS = YES;
				CLANG_WARN_EMPTY_BODY = YES;
				CLANG_WARN_ENUM_CONVERSION = YES;
				CLANG_WARN_INFINITE_RECURSION = YES;
				CLANG_WARN_INT_CONVERSION = YES;
				CLANG_WARN_NON_LITERAL_NULL_CONVERSION = YES;
				CLANG_WARN_OBJC_IMPLICIT_RETAIN_SELF = YES;
				CLANG_WARN_OBJC_LITERAL_CONVERSION = YES;
				CLANG_WARN_OBJC_ROOT_CLASS = YES_ERROR;
				CLANG_WARN_QUOTED_INCLUDE_IN_FRAMEWORK_HEADER = YES;
				CLANG_WARN_RANGE_LOOP_ANALYSIS = YES;
				CLANG_WARN_STRICT_PROTOTYPES = YES;
				CLANG_WARN_SUSPICIOUS_MOVE = YES;
				CLANG_WARN_UNGUARDED_AVAILABILITY = YES_AGGRESSIVE;
				CLANG_WARN_UNREACHABLE_CODE = YES;
				CLANG_WARN__DUPLICATE_METHOD_MATCH = YES;
				COPY_PHASE_STRIP = NO;
				DEBUG_INFORMATION_FORMAT = dwarf;
				ENABLE_STRICT_OBJC_MSGSEND = YES;
				ENABLE_TESTABILITY = YES;
				GCC_C_LANGUAGE_STANDARD = gnu11;
				GCC_DYNAMIC_NO_PIC = NO;
				GCC_NO_COMMON_BLOCKS = YES;
				GCC_OPTIMIZATION_LEVEL = 0;
				GCC_PREPROCESSOR_DEFINITIONS = (
					"DEBUG=1",
					"$(inherited)",
				);
				GCC_WARN_64_TO_32_BIT_CONVERSION = YES;
				GCC_WARN_ABOUT_RETURN_TYPE = YES_ERROR;
				GCC_WARN_UNDECLARED_SELECTOR = YES;
				GCC_WARN_UNINITIALIZED_AUTOS = YES_AGGRESSIVE;
				GCC_WARN_UNUSED_FUNCTION = YES;
				GCC_WARN_UNUSED_VARIABLE = YES;
				IPHONEOS_DEPLOYMENT_TARGET = 16.1;
				MTL_ENABLE_DEBUG_INFO = INCLUDE_SOURCE;
				MTL_FAST_MATH = YES;
				ONLY_ACTIVE_ARCH = YES;
				SDKROOT = iphoneos;
				SWIFT_ACTIVE_COMPILATION_CONDITIONS = DEBUG;
				SWIFT_OPTIMIZATION_LEVEL = "-Onone";
			};
			name = Debug;
		};
		81928B3A29AD660900CBB641 /* Release */ = {
			isa = XCBuildConfiguration;
			buildSettings = {
				ALWAYS_SEARCH_USER_PATHS = NO;
				CLANG_ANALYZER_NONNULL = YES;
				CLANG_ANALYZER_NUMBER_OBJECT_CONVERSION = YES_AGGRESSIVE;
				CLANG_CXX_LANGUAGE_STANDARD = "gnu++20";
				CLANG_ENABLE_MODULES = YES;
				CLANG_ENABLE_OBJC_ARC = YES;
				CLANG_ENABLE_OBJC_WEAK = YES;
				CLANG_WARN_BLOCK_CAPTURE_AUTORELEASING = YES;
				CLANG_WARN_BOOL_CONVERSION = YES;
				CLANG_WARN_COMMA = YES;
				CLANG_WARN_CONSTANT_CONVERSION = YES;
				CLANG_WARN_DEPRECATED_OBJC_IMPLEMENTATIONS = YES;
				CLANG_WARN_DIRECT_OBJC_ISA_USAGE = YES_ERROR;
				CLANG_WARN_DOCUMENTATION_COMMENTS = YES;
				CLANG_WARN_EMPTY_BODY = YES;
				CLANG_WARN_ENUM_CONVERSION = YES;
				CLANG_WARN_INFINITE_RECURSION = YES;
				CLANG_WARN_INT_CONVERSION = YES;
				CLANG_WARN_NON_LITERAL_NULL_CONVERSION = YES;
				CLANG_WARN_OBJC_IMPLICIT_RETAIN_SELF = YES;
				CLANG_WARN_OBJC_LITERAL_CONVERSION = YES;
				CLANG_WARN_OBJC_ROOT_CLASS = YES_ERROR;
				CLANG_WARN_QUOTED_INCLUDE_IN_FRAMEWORK_HEADER = YES;
				CLANG_WARN_RANGE_LOOP_ANALYSIS = YES;
				CLANG_WARN_STRICT_PROTOTYPES = YES;
				CLANG_WARN_SUSPICIOUS_MOVE = YES;
				CLANG_WARN_UNGUARDED_AVAILABILITY = YES_AGGRESSIVE;
				CLANG_WARN_UNREACHABLE_CODE = YES;
				CLANG_WARN__DUPLICATE_METHOD_MATCH = YES;
				COPY_PHASE_STRIP = NO;
				DEBUG_INFORMATION_FORMAT = "dwarf-with-dsym";
				ENABLE_NS_ASSERTIONS = NO;
				ENABLE_STRICT_OBJC_MSGSEND = YES;
				GCC_C_LANGUAGE_STANDARD = gnu11;
				GCC_NO_COMMON_BLOCKS = YES;
				GCC_WARN_64_TO_32_BIT_CONVERSION = YES;
				GCC_WARN_ABOUT_RETURN_TYPE = YES_ERROR;
				GCC_WARN_UNDECLARED_SELECTOR = YES;
				GCC_WARN_UNINITIALIZED_AUTOS = YES_AGGRESSIVE;
				GCC_WARN_UNUSED_FUNCTION = YES;
				GCC_WARN_UNUSED_VARIABLE = YES;
				IPHONEOS_DEPLOYMENT_TARGET = 16.1;
				MTL_ENABLE_DEBUG_INFO = NO;
				MTL_FAST_MATH = YES;
				SDKROOT = iphoneos;
				SWIFT_COMPILATION_MODE = wholemodule;
				SWIFT_OPTIMIZATION_LEVEL = "-O";
				VALIDATE_PRODUCT = YES;
			};
			name = Release;
		};
		81928B3C29AD660900CBB641 /* Debug */ = {
			isa = XCBuildConfiguration;
			buildSettings = {
				ASSETCATALOG_COMPILER_APPICON_NAME = AppIcon;
				ASSETCATALOG_COMPILER_GLOBAL_ACCENT_COLOR_NAME = AccentColor;
				CODE_SIGN_STYLE = Automatic;
				CURRENT_PROJECT_VERSION = 1;
				DEVELOPMENT_TEAM = 6CCCYRW6R5;
				GENERATE_INFOPLIST_FILE = YES;
				INFOPLIST_FILE = WEB/Info.plist;
				INFOPLIST_KEY_UIApplicationSupportsIndirectInputEvents = YES;
				INFOPLIST_KEY_UILaunchStoryboardName = LaunchScreen;
				INFOPLIST_KEY_UIMainStoryboardFile = Main;
				INFOPLIST_KEY_UISupportedInterfaceOrientations_iPad = "UIInterfaceOrientationPortrait UIInterfaceOrientationPortraitUpsideDown UIInterfaceOrientationLandscapeLeft UIInterfaceOrientationLandscapeRight";
				INFOPLIST_KEY_UISupportedInterfaceOrientations_iPhone = "UIInterfaceOrientationPortrait UIInterfaceOrientationLandscapeLeft UIInterfaceOrientationLandscapeRight";
				LD_RUNPATH_SEARCH_PATHS = (
					"$(inherited)",
					"@executable_path/Frameworks",
				);
				MARKETING_VERSION = 1.0;
				PRODUCT_BUNDLE_IDENTIFIER = "com.alexx-bobr.WEB";
				PRODUCT_NAME = "$(TARGET_NAME)";
				SWIFT_EMIT_LOC_STRINGS = YES;
				SWIFT_VERSION = 5.0;
				TARGETED_DEVICE_FAMILY = "1,2";
			};
			name = Debug;
		};
		81928B3D29AD660900CBB641 /* Release */ = {
			isa = XCBuildConfiguration;
			buildSettings = {
				ASSETCATALOG_COMPILER_APPICON_NAME = AppIcon;
				ASSETCATALOG_COMPILER_GLOBAL_ACCENT_COLOR_NAME = AccentColor;
				CODE_SIGN_STYLE = Automatic;
				CURRENT_PROJECT_VERSION = 1;
				DEVELOPMENT_TEAM = 6CCCYRW6R5;
				GENERATE_INFOPLIST_FILE = YES;
				INFOPLIST_FILE = WEB/Info.plist;
				INFOPLIST_KEY_UIApplicationSupportsIndirectInputEvents = YES;
				INFOPLIST_KEY_UILaunchStoryboardName = LaunchScreen;
				INFOPLIST_KEY_UIMainStoryboardFile = Main;
				INFOPLIST_KEY_UISupportedInterfaceOrientations_iPad = "UIInterfaceOrientationPortrait UIInterfaceOrientationPortraitUpsideDown UIInterfaceOrientationLandscapeLeft UIInterfaceOrientationLandscapeRight";
				INFOPLIST_KEY_UISupportedInterfaceOrientations_iPhone = "UIInterfaceOrientationPortrait UIInterfaceOrientationLandscapeLeft UIInterfaceOrientationLandscapeRight";
				LD_RUNPATH_SEARCH_PATHS = (
					"$(inherited)",
					"@executable_path/Frameworks",
				);
				MARKETING_VERSION = 1.0;
				PRODUCT_BUNDLE_IDENTIFIER = "com.alexx-bobr.WEB";
				PRODUCT_NAME = "$(TARGET_NAME)";
				SWIFT_EMIT_LOC_STRINGS = YES;
				SWIFT_VERSION = 5.0;
				TARGETED_DEVICE_FAMILY = "1,2";
			};
			name = Release;
		};
/* End XCBuildConfiguration section */

/* Begin XCConfigurationList section */
		81928B1F29AD660800CBB641 /* Build configuration list for PBXProject "WEB" */ = {
			isa = XCConfigurationList;
			buildConfigurations = (
				81928B3929AD660900CBB641 /* Debug */,
				81928B3A29AD660900CBB641 /* Release */,
			);
			defaultConfigurationIsVisible = 0;
			defaultConfigurationName = Release;
		};
		81928B3B29AD660900CBB641 /* Build configuration list for PBXNativeTarget "WEB" */ = {
			isa = XCConfigurationList;
			buildConfigurations = (
				81928B3C29AD660900CBB641 /* Debug */,
				81928B3D29AD660900CBB641 /* Release */,
			);
			defaultConfigurationIsVisible = 0;
			defaultConfigurationName = Release;
		};
/* End XCConfigurationList section */

/* Begin XCRemoteSwiftPackageReference section */
		812DDA8329D794FA0079B1E0 /* XCRemoteSwiftPackageReference "Alamofire" */ = {
			isa = XCRemoteSwiftPackageReference;
			repositoryURL = "https://github.com/Alamofire/Alamofire.git";
			requirement = {
				kind = upToNextMajorVersion;
				minimumVersion = 5.6.1;
			};
		};
/* End XCRemoteSwiftPackageReference section */

/* Begin XCSwiftPackageProductDependency section */
		812DDA8429D794FA0079B1E0 /* Alamofire */ = {
			isa = XCSwiftPackageProductDependency;
			package = 812DDA8329D794FA0079B1E0 /* XCRemoteSwiftPackageReference "Alamofire" */;
			productName = Alamofire;
		};
/* End XCSwiftPackageProductDependency section */

/* Begin XCVersionGroup section */
		81928B3029AD660800CBB641 /* WEB.xcdatamodeld */ = {
			isa = XCVersionGroup;
			children = (
				81928B3129AD660800CBB641 /* WEB.xcdatamodel */,
			);
			currentVersion = 81928B3129AD660800CBB641 /* WEB.xcdatamodel */;
			path = WEB.xcdatamodeld;
			sourceTree = "<group>";
			versionGroupType = wrapper.xcdatamodel;
		};
/* End XCVersionGroup section */
	};
	rootObject = 81928B1C29AD660800CBB641 /* Project object */;
}
